
Microsoft Visual Studio Solution File, Format Version 11.00
# Visual Studio 2010
Project("{FAE04EC0-301F-11D3-BF4B-00C04F79EFBC}") = "Swords and Shovels", "Assembly-CSharp.csproj", "{A13B248D-08C6-A697-412A-8381FE25BB30}"
EndProject
Project("{FAE04EC0-301F-11D3-BF4B-00C04F79EFBC}") = "Swords and Shovels", "Assembly-CSharp-Editor.csproj", "{9D3EAADC-3D9D-FC76-E902-0FF3A4BA84AA}"
EndProject
Global
	GlobalSection(SolutionConfigurationPlatforms) = preSolution
		Debug|Any CPU = Debug|Any CPU
		Release|Any CPU = Release|Any CPU
	EndGlobalSection
	GlobalSection(ProjectConfigurationPlatforms) = postSolution
		{A13B248D-08C6-A697-412A-8381FE25BB30}.Debug|Any CPU.ActiveCfg = Debug|Any CPU
		{A13B248D-08C6-A697-412A-8381FE25BB30}.Debug|Any CPU.Build.0 = Debug|Any CPU
		{A13B248D-08C6-A697-412A-8381FE25BB30}.Release|Any CPU.ActiveCfg = Release|Any CPU
		{A13B248D-08C6-A697-412A-8381FE25BB30}.Release|Any CPU.Build.0 = Release|Any CPU
		{9D3EAADC-3D9D-FC76-E902-0FF3A4BA84AA}.Debug|Any CPU.ActiveCfg = Debug|Any CPU
		{9D3EAADC-3D9D-FC76-E902-0FF3A4BA84AA}.Debug|Any CPU.Build.0 = Debug|Any CPU
		{9D3EAADC-3D9D-FC76-E902-0FF3A4BA84AA}.Release|Any CPU.ActiveCfg = Release|Any CPU
		{9D3EAADC-3D9D-FC76-E902-0FF3A4BA84AA}.Release|Any CPU.Build.0 = Release|Any CPU
	EndGlobalSection
	GlobalSection(SolutionProperties) = preSolution
		HideSolutionNode = FALSE
	EndGlobalSection
	GlobalSection(MonoDevelopProperties) = preSolution
		StartupItem = Assembly-CSharp.csproj
	EndGlobalSection
EndGlobal
